{
  "name": "hprost-test",
  "version": "1.0.0",
  "lockfileVersion": 1,
  "requires": true,
  "dependencies": {
    "async-limiter": {
      "version": "1.0.0",
      "resolved": "https://registry.npmjs.org/async-limiter/-/async-limiter-1.0.0.tgz",
      "integrity": "sha512-jp/uFnooOiO+L211eZOoSyzpOITMXx1rBITauYykG3BRYPu8h0UcxsPNB04RR5vo4Tyz3+ay17tR6JVf9qzYWg==",
      "optional": true
    },
    "hprose": {
      "version": "2.0.49",
      "resolved": "https://registry.npmjs.org/hprose/-/hprose-2.0.49.tgz",
      "integrity": "sha512-667JYSvRZ5VJlrQR5TthLbMN+NKxMA73n0u4tRzlFXPkYeM5WFgrGoTbAF1iQbzKxgBbk1gcCM1ewpkUmuiFnQ==",
      "requires": {
        "ws": "5.1.1"
      }
    },
    "ws": {
      "version": "5.1.1",
      "resolved": "https://registry.npmjs.org/ws/-/ws-5.1.1.tgz",
      "integrity": "sha512-bOusvpCb09TOBLbpMKszd45WKC2KPtxiyiHanv+H2DE3Az+1db5a/L7sVJZVDPUC1Br8f0SKRr1KjLpD1U/IAw==",
      "optional": true,
      "requires": {
        "async-limiter": "1.0.0"
      }
    }
  }
}
